# THIS IS AN AUTOGENERATED FILE. DO NOT EDIT THIS FILE DIRECTLY.
# yarn lockfile v1


argparse@^2.0.1:
  version "2.0.1"
  resolved "https://registry.yarnpkg.com/argparse/-/argparse-2.0.1.tgz#246f50f3ca78a3240f6c997e8a9bd1eac49e4b38"
  integrity sha512-8+9WqebbFzpX9OR+Wa6O29asIogeRMzcGtAINdpMHHyAg10f05aSFVBbcEqGf/PXw1EjAZ+q2/bEBg3DvurK3Q==

fsevents@2.3.2:
  version "2.3.2"
  resolved "https://registry.yarnpkg.com/fsevents/-/fsevents-2.3.2.tgz#8a526f78b8fdf4623b709e0b975c52c24c02fd1a"
  integrity sha512-xiqMQR4xAeHTuB9uWm+fFRcIOgKBMiOBP+eXiyT7jsgVCq1bkVygt00oASowB7EdtpOHaaPgKt812P9ab+DDKA==

js-yaml@^5.4.1:
  version "5.4.1"
  resolved "https://registry.yarnpkg.com/js-yaml/-/js-yaml-5.4.1.tgz#4629d91d4b4551f300435f0e4127899710f816fb"
  integrity sha512-28R/k+NAjeuf7+CKlTxWZVExJGwVVLwY06DgEnOMz2gEpfNkDcD7QvyiVPT0xy0XXhU8vHsd4Ot42OOPdJG7dQ==
  dependencies:
    argparse "^2.0.1"

playwright-core@1.62.1:
  version "1.62.1"
  resolved "https://registry.yarnpkg.com/playwright-core/-/playwright-core-1.62.1.tgz#120f67a19181bfd183c60fa903c0d99330b56785"
  integrity sha512-wPYSwEBJY9GHraISXqyqtx0na0LpO3XEX7jNDhntbex7tzUS7kLnZsOlFruFJB4Hi/rhDMjXGqHewDZ68nYZVw==

playwright@^1.62.1:
  version "1.62.1"
  resolved "https://registry.yarnpkg.com/playwright/-/playwright-1.62.1.tgz#8447b6755e8aec85a3cb7207c823e3ed2fc66700"
  integrity sha512-0M+L3LAD8/nm554LOla9Ayx0j0tmFZ0FBcoQ7F1VuVHpM/XpiC8RcDzBQB8W5+hA8L22THxELzeF+2WcUzvcLg==
  dependencies:
    playwright-core "1.62.1"
  optionalDependencies:
    fsevents "2.3.2"
